
Microsoft Visual Studio Solution File, Format Version 12.00
# Visual Studio Version 17
VisualStudioVersion = 17.9.34728.123
MinimumVisualStudioVersion = 10.0.40219.1
Project("{FAE04EC0-301F-11D3-BF4B-00C04F79EFBC}") = "Solnet.Ore", "Solnet.Ore\Solnet.Ore.csproj", "{F5EE2EF7-D464-4979-A577-74EBA49BE18D}"
EndProject
Global
	GlobalSection(SolutionConfigurationPlatforms) = preSolution
		Debug|Any CPU = Debug|Any CPU
		Release|Any CPU = Release|Any CPU
	EndGlobalSection
	GlobalSection(ProjectConfigurationPlatforms) = postSolution
		{F5EE2EF7-D464-4979-A577-74EBA49BE18D}.Debug|Any CPU.ActiveCfg = Debug|Any CPU
		{F5EE2EF7-D464-4979-A577-74EBA49BE18D}.Debug|Any CPU.Build.0 = Debug|Any CPU
		{F5EE2EF7-D464-4979-A577-74EBA49BE18D}.Release|Any CPU.ActiveCfg = Release|Any CPU
		{F5EE2EF7-D464-4979-A577-74EBA49BE18D}.Release|Any CPU.Build.0 = Release|Any CPU
	EndGlobalSection
	GlobalSection(SolutionProperties) = preSolution
		HideSolutionNode = FALSE
	EndGlobalSection
	GlobalSection(ExtensibilityGlobals) = postSolution
		SolutionGuid = {A856D02D-FCAE-4455-B4AA-EB86434690FC}
	EndGlobalSection
EndGlobal
